
Microsoft Visual Studio Solution File, Format Version 12.00
# Visual Studio Version 17
VisualStudioVersion = 17.14.36518.9 d17.14
MinimumVisualStudioVersion = 10.0.40219.1
Project("{FAE04EC0-301F-11D3-BF4B-00C04F79EFBC}") = "Ticket", "Ticket\Ticket.csproj", "{313A9F36-B395-4B14-B64B-A6AC2173C1B9}"
EndProject
Project("{FAE04EC0-301F-11D3-BF4B-00C04F79EFBC}") = "Ticket.Tests", "Ticket.Tests\Ticket.Tests.csproj", "{15F90966-1C87-4712-9879-0745BFA83305}"
EndProject
Global
	GlobalSection(SolutionConfigurationPlatforms) = preSolution
		Debug|Any CPU = Debug|Any CPU
		Release|Any CPU = Release|Any CPU
	EndGlobalSection
	GlobalSection(ProjectConfigurationPlatforms) = postSolution
		{313A9F36-B395-4B14-B64B-A6AC2173C1B9}.Debug|Any CPU.ActiveCfg = Debug|Any CPU
		{313A9F36-B395-4B14-B64B-A6AC2173C1B9}.Debug|Any CPU.Build.0 = Debug|Any CPU
		{313A9F36-B395-4B14-B64B-A6AC2173C1B9}.Release|Any CPU.ActiveCfg = Release|Any CPU
		{313A9F36-B395-4B14-B64B-A6AC2173C1B9}.Release|Any CPU.Build.0 = Release|Any CPU
		{15F90966-1C87-4712-9879-0745BFA83305}.Debug|Any CPU.ActiveCfg = Debug|Any CPU
		{15F90966-1C87-4712-9879-0745BFA83305}.Debug|Any CPU.Build.0 = Debug|Any CPU
		{15F90966-1C87-4712-9879-0745BFA83305}.Release|Any CPU.ActiveCfg = Release|Any CPU
		{15F90966-1C87-4712-9879-0745BFA83305}.Release|Any CPU.Build.0 = Release|Any CPU
	EndGlobalSection
	GlobalSection(SolutionProperties) = preSolution
		HideSolutionNode = FALSE
	EndGlobalSection
	GlobalSection(ExtensibilityGlobals) = postSolution
		SolutionGuid = {70285F8C-4404-4CFB-853B-B6B9F75D1E73}
	EndGlobalSection
EndGlobal
